
Microsoft Visual Studio Solution File, Format Version 12.00
# Visual Studio Version 17
VisualStudioVersion = 17.3.32825.248
MinimumVisualStudioVersion = 10.0.40219.1
Project("{FAE04EC0-301F-11D3-BF4B-00C04F79EFBC}") = "LibraryAPI", "LibraryAPI\LibraryAPI.csproj", "{05BD1183-6BC2-4D0B-A0BF-80AD1C86AF05}"
EndProject
Global
	GlobalSection(SolutionConfigurationPlatforms) = preSolution
		Debug|Any CPU = Debug|Any CPU
		Release|Any CPU = Release|Any CPU
	EndGlobalSection
	GlobalSection(ProjectConfigurationPlatforms) = postSolution
		{05BD1183-6BC2-4D0B-A0BF-80AD1C86AF05}.Debug|Any CPU.ActiveCfg = Debug|Any CPU
		{05BD1183-6BC2-4D0B-A0BF-80AD1C86AF05}.Debug|Any CPU.Build.0 = Debug|Any CPU
		{05BD1183-6BC2-4D0B-A0BF-80AD1C86AF05}.Release|Any CPU.ActiveCfg = Release|Any CPU
		{05BD1183-6BC2-4D0B-A0BF-80AD1C86AF05}.Release|Any CPU.Build.0 = Release|Any CPU
	EndGlobalSection
	GlobalSection(SolutionProperties) = preSolution
		HideSolutionNode = FALSE
	EndGlobalSection
	GlobalSection(ExtensibilityGlobals) = postSolution
		SolutionGuid = {F25F97F9-2848-42CF-A199-1FE2B2A1A69A}
	EndGlobalSection
EndGlobal
